{
  "name": "Tables",
  "version": "0.0.0",
  "lockfileVersion": 3,
  "requires": true,
  "packages": {
    "": {
      "name": "Tables",
      "version": "0.0.0",
      "license": "MIT",
      "dependencies": {
        "Tables": "file:"
      }
    },
    "node_modules/Tables": {
      "resolved": "",
      "link": true
    }
  }
}
