{
  "name": "BreadcrumbHistory",
  "version": "0.0.0",
  "lockfileVersion": 3,
  "requires": true,
  "packages": {
    "": {
      "name": "BreadcrumbHistory",
      "version": "0.0.0",
      "dependencies": {
        "BreadcrumbHistory": "file:"
      }
    },
    "node_modules/BreadcrumbHistory": {
      "resolved": "",
      "link": true
    }
  }
}
