{
  "name": "maps",
  "version": "1.0.0",
  "lockfileVersion": 3,
  "requires": true,
  "packages": {
    "": {
      "name": "maps",
      "version": "1.0.0",
      "license": "MIT",
      "dependencies": {
        "maps": "file:"
      }
    },
    "node_modules/maps": {
      "resolved": "",
      "link": true
    }
  }
}
