{
  "name": "Apex",
  "version": "0.0.0",
  "lockfileVersion": 3,
  "requires": true,
  "packages": {
    "": {
      "name": "Apex",
      "version": "0.0.0",
      "dependencies": {
        "Apex": "file:"
      }
    },
    "node_modules/Apex": {
      "resolved": "",
      "link": true
    }
  }
}
