{
  "name": "Layout",
  "version": "0.0.0",
  "lockfileVersion": 3,
  "requires": true,
  "packages": {
    "": {
      "name": "Layout",
      "version": "0.0.0",
      "dependencies": {
        "Layout": "file:"
      }
    },
    "node_modules/Layout": {
      "resolved": "",
      "link": true
    }
  }
}
