{
  "name": "typography",
  "version": "1.0.0",
  "lockfileVersion": 3,
  "requires": true,
  "packages": {
    "": {
      "name": "typography",
      "version": "1.0.0",
      "license": "MIT",
      "dependencies": {
        "typography": "file:"
      }
    },
    "node_modules/typography": {
      "resolved": "",
      "link": true
    }
  }
}
